
Microsoft Visual Studio Solution File, Format Version 12.00
# Visual Studio Version 16
VisualStudioVersion = 16.0.30517.126
MinimumVisualStudioVersion = 10.0.40219.1
Project("{FAE04EC0-301F-11D3-BF4B-00C04F79EFBC}") = "HRM", "HRM\HRM.csproj", "{9ACF8F28-565F-4D3C-A3EF-9584874B1283}"
EndProject
Global
	GlobalSection(SolutionConfigurationPlatforms) = preSolution
		Debug|Any CPU = Debug|Any CPU
		Release|Any CPU = Release|Any CPU
	EndGlobalSection
	GlobalSection(ProjectConfigurationPlatforms) = postSolution
		{9ACF8F28-565F-4D3C-A3EF-9584874B1283}.Debug|Any CPU.ActiveCfg = Debug|Any CPU
		{9ACF8F28-565F-4D3C-A3EF-9584874B1283}.Debug|Any CPU.Build.0 = Debug|Any CPU
		{9ACF8F28-565F-4D3C-A3EF-9584874B1283}.Release|Any CPU.ActiveCfg = Release|Any CPU
		{9ACF8F28-565F-4D3C-A3EF-9584874B1283}.Release|Any CPU.Build.0 = Release|Any CPU
	EndGlobalSection
	GlobalSection(SolutionProperties) = preSolution
		HideSolutionNode = FALSE
	EndGlobalSection
	GlobalSection(ExtensibilityGlobals) = postSolution
		SolutionGuid = {09B2945E-242C-47A5-93CF-E4B560008535}
	EndGlobalSection
EndGlobal
