
Microsoft Visual Studio Solution File, Format Version 12.00
# Visual Studio Version 16
VisualStudioVersion = 16.0.30517.126
MinimumVisualStudioVersion = 10.0.40219.1
Project("{FAE04EC0-301F-11D3-BF4B-00C04F79EFBC}") = "WingtipToys", "WingtipToys\WingtipToys.csproj", "{5CBBDA0E-94C1-4F3E-9B18-002C7055EEAF}"
EndProject
Global
	GlobalSection(SolutionConfigurationPlatforms) = preSolution
		Debug|Any CPU = Debug|Any CPU
		Release|Any CPU = Release|Any CPU
	EndGlobalSection
	GlobalSection(ProjectConfigurationPlatforms) = postSolution
		{5CBBDA0E-94C1-4F3E-9B18-002C7055EEAF}.Debug|Any CPU.ActiveCfg = Debug|Any CPU
		{5CBBDA0E-94C1-4F3E-9B18-002C7055EEAF}.Debug|Any CPU.Build.0 = Debug|Any CPU
		{5CBBDA0E-94C1-4F3E-9B18-002C7055EEAF}.Release|Any CPU.ActiveCfg = Release|Any CPU
		{5CBBDA0E-94C1-4F3E-9B18-002C7055EEAF}.Release|Any CPU.Build.0 = Release|Any CPU
	EndGlobalSection
	GlobalSection(SolutionProperties) = preSolution
		HideSolutionNode = FALSE
	EndGlobalSection
	GlobalSection(ExtensibilityGlobals) = postSolution
		SolutionGuid = {25FF31F3-EA1F-488E-8E4B-5E9AEDCB6C53}
	EndGlobalSection
EndGlobal
